// !$*UTF8*$!
{
	archiveVersion = 1;
	classes = {
	};
	objectVersion = 56;
	objects = {

/* Begin PBXBuildFile section */
		9B089F742C05EBC100E2B1AC /* UserRegisterViewModel.swift in Sources */ = {isa = PBXBuildFile; fileRef = 9B089F732C05EBC100E2B1AC /* UserRegisterViewModel.swift */; };
		9B4850192C0A20A6002A35FE /* ApplicationResponse.swift in Sources */ = {isa = PBXBuildFile; fileRef = 9B4850182C0A20A6002A35FE /* ApplicationResponse.swift */; };
		9B48501D2C0A2E71002A35FE /* MyEventView.swift in Sources */ = {isa = PBXBuildFile; fileRef = 9B48501C2C0A2E71002A35FE /* MyEventView.swift */; };
		9B48501F2C0A3017002A35FE /* MyEventViewModel.swift in Sources */ = {isa = PBXBuildFile; fileRef = 9B48501E2C0A3017002A35FE /* MyEventViewModel.swift */; };
		9B4850212C0A4AE3002A35FE /* MyEventCardView.swift in Sources */ = {isa = PBXBuildFile; fileRef = 9B4850202C0A4AE3002A35FE /* MyEventCardView.swift */; };
		9B4850232C0A4CAA002A35FE /* MyEventResponse.swift in Sources */ = {isa = PBXBuildFile; fileRef = 9B4850222C0A4CAA002A35FE /* MyEventResponse.swift */; };
		9B4850252C0A4F1A002A35FE /* MyEventServcie.swift in Sources */ = {isa = PBXBuildFile; fileRef = 9B4850242C0A4F1A002A35FE /* MyEventServcie.swift */; };
		9B4850272C0A5449002A35FE /* MyEventEditView.swift in Sources */ = {isa = PBXBuildFile; fileRef = 9B4850262C0A5449002A35FE /* MyEventEditView.swift */; };
		9B4850292C0A5FAE002A35FE /* ImagePicker.swift in Sources */ = {isa = PBXBuildFile; fileRef = 9B4850282C0A5FAE002A35FE /* ImagePicker.swift */; };
		9B48502D2C0A7FEC002A35FE /* MyEventAddView.swift in Sources */ = {isa = PBXBuildFile; fileRef = 9B48502C2C0A7FEC002A35FE /* MyEventAddView.swift */; };
		9B5A8F452C08DF12002D009A /* MainTabView.swift in Sources */ = {isa = PBXBuildFile; fileRef = 9B5A8F442C08DF12002D009A /* MainTabView.swift */; };
		9B5A8F482C08E2A5002D009A /* LoadingView.swift in Sources */ = {isa = PBXBuildFile; fileRef = 9B5A8F472C08E2A5002D009A /* LoadingView.swift */; };
		9B5A8F4A2C08E4D9002D009A /* AdvertisementService.swift in Sources */ = {isa = PBXBuildFile; fileRef = 9B5A8F492C08E4D9002D009A /* AdvertisementService.swift */; };
		9B5A8F4C2C08EC2F002D009A /* EventCardView.swift in Sources */ = {isa = PBXBuildFile; fileRef = 9B5A8F4B2C08EC2F002D009A /* EventCardView.swift */; };
		9B5A8F4F2C08EC3F002D009A /* Kingfisher in Frameworks */ = {isa = PBXBuildFile; productRef = 9B5A8F4E2C08EC3F002D009A /* Kingfisher */; };
		9B5A8F522C08EC47002D009A /* Lottie in Frameworks */ = {isa = PBXBuildFile; productRef = 9B5A8F512C08EC47002D009A /* Lottie */; };
		9B5A8F542C08F1E5002D009A /* HomeEventCardView.swift in Sources */ = {isa = PBXBuildFile; fileRef = 9B5A8F532C08F1E5002D009A /* HomeEventCardView.swift */; };
		9B5A8F562C08F25F002D009A /* EventDetailView.swift in Sources */ = {isa = PBXBuildFile; fileRef = 9B5A8F552C08F25F002D009A /* EventDetailView.swift */; };
		9B6096472C06830200B2F144 /* LoginViewModel.swift in Sources */ = {isa = PBXBuildFile; fileRef = 9B6096462C06830200B2F144 /* LoginViewModel.swift */; };
		9B6096492C08855A00B2F144 /* RegisterNamePhoneView.swift in Sources */ = {isa = PBXBuildFile; fileRef = 9B6096482C08855A00B2F144 /* RegisterNamePhoneView.swift */; };
		9B7D65402C06006500186114 /* FTAButtonStyle.swift in Sources */ = {isa = PBXBuildFile; fileRef = 9B7D653F2C06006500186114 /* FTAButtonStyle.swift */; };
		9B7D65462C061E5A00186114 /* UserService.swift in Sources */ = {isa = PBXBuildFile; fileRef = 9B7D65452C061E5A00186114 /* UserService.swift */; };
		9B95FFA02C08A6470035BFE1 /* SignUpRequestDTO.swift in Sources */ = {isa = PBXBuildFile; fileRef = 9B95FF9F2C08A6470035BFE1 /* SignUpRequestDTO.swift */; };
		9B95FFA22C08A7B50035BFE1 /* LoginRequestDTO.swift in Sources */ = {isa = PBXBuildFile; fileRef = 9B95FFA12C08A7B50035BFE1 /* LoginRequestDTO.swift */; };
		9B95FFA52C08B58C0035BFE1 /* View+ShakeEffectExtension.swift in Sources */ = {isa = PBXBuildFile; fileRef = 9B95FFA42C08B58C0035BFE1 /* View+ShakeEffectExtension.swift */; };
		9B95FFA72C08BA400035BFE1 /* View+DismissKeyboardExtension.swift in Sources */ = {isa = PBXBuildFile; fileRef = 9B95FFA62C08BA400035BFE1 /* View+DismissKeyboardExtension.swift */; };
		9B95FFA92C08BA560035BFE1 /* View+PlaceholderExtension.swift in Sources */ = {isa = PBXBuildFile; fileRef = 9B95FFA82C08BA560035BFE1 /* View+PlaceholderExtension.swift */; };
		9B95FFAD2C08D79D0035BFE1 /* EventService.swift in Sources */ = {isa = PBXBuildFile; fileRef = 9B95FFAC2C08D79D0035BFE1 /* EventService.swift */; };
		9B95FFAF2C08D8580035BFE1 /* EventViewModel.swift in Sources */ = {isa = PBXBuildFile; fileRef = 9B95FFAE2C08D8580035BFE1 /* EventViewModel.swift */; };
		9B96687F2C0902FC00AE9FC1 /* CustomBackNavigationView.swift in Sources */ = {isa = PBXBuildFile; fileRef = 9B96687E2C0902FC00AE9FC1 /* CustomBackNavigationView.swift */; };
		9BEB10122C0087B200D18362 /* FoodTruckApp3App.swift in Sources */ = {isa = PBXBuildFile; fileRef = 9BEB10112C0087B200D18362 /* FoodTruckApp3App.swift */; };
		9BEB10192C0087B400D18362 /* Preview Assets.xcassets in Resources */ = {isa = PBXBuildFile; fileRef = 9BEB10182C0087B400D18362 /* Preview Assets.xcassets */; };
		9BEB10232C0087B400D18362 /* FoodTruckApp3Tests.swift in Sources */ = {isa = PBXBuildFile; fileRef = 9BEB10222C0087B400D18362 /* FoodTruckApp3Tests.swift */; };
		9BEB102D2C0087B400D18362 /* FoodTruckApp3UITests.swift in Sources */ = {isa = PBXBuildFile; fileRef = 9BEB102C2C0087B400D18362 /* FoodTruckApp3UITests.swift */; };
		9BEB102F2C0087B400D18362 /* FoodTruckApp3UITestsLaunchTests.swift in Sources */ = {isa = PBXBuildFile; fileRef = 9BEB102E2C0087B400D18362 /* FoodTruckApp3UITestsLaunchTests.swift */; };
		9BEB10442C00881900D18362 /* Colors.xcassets in Resources */ = {isa = PBXBuildFile; fileRef = 9BEB103E2C00881800D18362 /* Colors.xcassets */; };
		9BEB10452C00881900D18362 /* FTAFont.swift in Sources */ = {isa = PBXBuildFile; fileRef = 9BEB103F2C00881800D18362 /* FTAFont.swift */; };
		9BEB10462C00881900D18362 /* FTAColor.swift in Sources */ = {isa = PBXBuildFile; fileRef = 9BEB10402C00881800D18362 /* FTAColor.swift */; };
		9BEB10472C00881900D18362 /* Assets.xcassets in Resources */ = {isa = PBXBuildFile; fileRef = 9BEB10412C00881800D18362 /* Assets.xcassets */; };
		9BEB10482C00881900D18362 /* Images.xcassets in Resources */ = {isa = PBXBuildFile; fileRef = 9BEB10422C00881800D18362 /* Images.xcassets */; };
		9BEB10492C00881900D18362 /* FTAImage.swift in Sources */ = {isa = PBXBuildFile; fileRef = 9BEB10432C00881800D18362 /* FTAImage.swift */; };
		9BEB104B2C00897F00D18362 /* LaunchScreen.storyboard in Resources */ = {isa = PBXBuildFile; fileRef = 9BEB104A2C00897F00D18362 /* LaunchScreen.storyboard */; };
		9BEB105B2C0091DF00D18362 /* LoginIntroView.swift in Sources */ = {isa = PBXBuildFile; fileRef = 9BEB105A2C0091DF00D18362 /* LoginIntroView.swift */; };
		9BEB105F2C01045000D18362 /* LoginView.swift in Sources */ = {isa = PBXBuildFile; fileRef = 9BEB105E2C01045000D18362 /* LoginView.swift */; };
		9BEB10612C01059000D18362 /* FTAToggleButtonStyle.swift in Sources */ = {isa = PBXBuildFile; fileRef = 9BEB10602C01059000D18362 /* FTAToggleButtonStyle.swift */; };
		9BEB10632C0112E300D18362 /* MainTabType.swift in Sources */ = {isa = PBXBuildFile; fileRef = 9BEB10622C0112E300D18362 /* MainTabType.swift */; };
		9BEB10672C01149700D18362 /* HomeView.swift in Sources */ = {isa = PBXBuildFile; fileRef = 9BEB10662C01149700D18362 /* HomeView.swift */; };
		9BEB106A2C0114AD00D18362 /* EventListView.swift in Sources */ = {isa = PBXBuildFile; fileRef = 9BEB10692C0114AD00D18362 /* EventListView.swift */; };
		9BEB10722C011AFF00D18362 /* HomeViewModel.swift in Sources */ = {isa = PBXBuildFile; fileRef = 9BEB10712C011AFF00D18362 /* HomeViewModel.swift */; };
		9BEB107A2C01CB8A00D18362 /* FindIdView.swift in Sources */ = {isa = PBXBuildFile; fileRef = 9BEB10792C01CB8A00D18362 /* FindIdView.swift */; };
		9BEB107C2C01CB9A00D18362 /* FindPasswordView.swift in Sources */ = {isa = PBXBuildFile; fileRef = 9BEB107B2C01CB9A00D18362 /* FindPasswordView.swift */; };
		9BEB107F2C01CCAC00D18362 /* RegisterEmailView.swift in Sources */ = {isa = PBXBuildFile; fileRef = 9BEB107E2C01CCAC00D18362 /* RegisterEmailView.swift */; };
		9BEB10822C02643300D18362 /* NetworkService.swift in Sources */ = {isa = PBXBuildFile; fileRef = 9BEB10812C02643300D18362 /* NetworkService.swift */; };
		9BEB10872C02651A00D18362 /* EventResponse.swift in Sources */ = {isa = PBXBuildFile; fileRef = 9BEB10862C02651A00D18362 /* EventResponse.swift */; };
		9BEB108B2C02671700D18362 /* Alamofire in Frameworks */ = {isa = PBXBuildFile; productRef = 9BEB108A2C02671700D18362 /* Alamofire */; };
		9BEB108D2C02686D00D18362 /* FoodTruckResponse.swift in Sources */ = {isa = PBXBuildFile; fileRef = 9BEB108C2C02686D00D18362 /* FoodTruckResponse.swift */; };
		9BEB10932C026F4200D18362 /* UserResponse.swift in Sources */ = {isa = PBXBuildFile; fileRef = 9BEB10922C026F4200D18362 /* UserResponse.swift */; };
		9BEB10992C027B3F00D18362 /* RegisterPasswordView.swift in Sources */ = {isa = PBXBuildFile; fileRef = 9BEB10982C027B3F00D18362 /* RegisterPasswordView.swift */; };
		9BF9B97D2C097238008B815D /* ApplicationService.swift in Sources */ = {isa = PBXBuildFile; fileRef = 9BF9B97C2C097238008B815D /* ApplicationService.swift */; };
		9BF9B97F2C0976C3008B815D /* FoodTruckViewModel.swift in Sources */ = {isa = PBXBuildFile; fileRef = 9BF9B97E2C0976C3008B815D /* FoodTruckViewModel.swift */; };
		9BF9B9812C0976DC008B815D /* FoodTruckCardView.swift in Sources */ = {isa = PBXBuildFile; fileRef = 9BF9B9802C0976DC008B815D /* FoodTruckCardView.swift */; };
		9BF9B9832C0976EF008B815D /* FoodTruckListView.swift in Sources */ = {isa = PBXBuildFile; fileRef = 9BF9B9822C0976EF008B815D /* FoodTruckListView.swift */; };
		9BF9B9852C09771A008B815D /* FoodTruckService.swift in Sources */ = {isa = PBXBuildFile; fileRef = 9BF9B9842C09771A008B815D /* FoodTruckService.swift */; };
		9BF9B9872C098C45008B815D /* HomeFoodTruckCardView.swift in Sources */ = {isa = PBXBuildFile; fileRef = 9BF9B9862C098C45008B815D /* HomeFoodTruckCardView.swift */; };
		9BF9B98B2C098EAD008B815D /* Shape+CustomCornerRadius.swift in Sources */ = {isa = PBXBuildFile; fileRef = 9BF9B98A2C098EAD008B815D /* Shape+CustomCornerRadius.swift */; };
		9BF9B9902C099B40008B815D /* MyPageView.swift in Sources */ = {isa = PBXBuildFile; fileRef = 9BF9B98F2C099B40008B815D /* MyPageView.swift */; };
		9BF9B9922C09A1F4008B815D /* MoreButtonView.swift in Sources */ = {isa = PBXBuildFile; fileRef = 9BF9B9912C09A1F4008B815D /* MoreButtonView.swift */; };
		9BF9B9942C09DCCD008B815D /* FoodTruckDetailView.swift in Sources */ = {isa = PBXBuildFile; fileRef = 9BF9B9932C09DCCD008B815D /* FoodTruckDetailView.swift */; };
		9BF9B9962C09F41E008B815D /* StarRatingView.swift in Sources */ = {isa = PBXBuildFile; fileRef = 9BF9B9952C09F41E008B815D /* StarRatingView.swift */; };
		9BF9B9982C09FFC7008B815D /* FoodTruckMenuCardView.swift in Sources */ = {isa = PBXBuildFile; fileRef = 9BF9B9972C09FFC7008B815D /* FoodTruckMenuCardView.swift */; };
		9BF9B99A2C0A0C75008B815D /* KeyChainService.swift in Sources */ = {isa = PBXBuildFile; fileRef = 9BF9B9992C0A0C74008B815D /* KeyChainService.swift */; };
/* End PBXBuildFile section */

/* Begin PBXContainerItemProxy section */
		9BEB101F2C0087B400D18362 /* PBXContainerItemProxy */ = {
			isa = PBXContainerItemProxy;
			containerPortal = 9BEB10062C0087B200D18362 /* Project object */;
			proxyType = 1;
			remoteGlobalIDString = 9BEB100D2C0087B200D18362;
			remoteInfo = FoodTruckApp3;
		};
		9BEB10292C0087B400D18362 /* PBXContainerItemProxy */ = {
			isa = PBXContainerItemProxy;
			containerPortal = 9BEB10062C0087B200D18362 /* Project object */;
			proxyType = 1;
			remoteGlobalIDString = 9BEB100D2C0087B200D18362;
			remoteInfo = FoodTruckApp3;
		};
/* End PBXContainerItemProxy section */

/* Begin PBXFileReference section */
		9B089F732C05EBC100E2B1AC /* UserRegisterViewModel.swift */ = {isa = PBXFileReference; lastKnownFileType = sourcecode.swift; path = UserRegisterViewModel.swift; sourceTree = "<group>"; };
		9B4850182C0A20A6002A35FE /* ApplicationResponse.swift */ = {isa = PBXFileReference; lastKnownFileType = sourcecode.swift; path = ApplicationResponse.swift; sourceTree = "<group>"; };
		9B48501C2C0A2E71002A35FE /* MyEventView.swift */ = {isa = PBXFileReference; lastKnownFileType = sourcecode.swift; path = MyEventView.swift; sourceTree = "<group>"; };
		9B48501E2C0A3017002A35FE /* MyEventViewModel.swift */ = {isa = PBXFileReference; lastKnownFileType = sourcecode.swift; path = MyEventViewModel.swift; sourceTree = "<group>"; };
		9B4850202C0A4AE3002A35FE /* MyEventCardView.swift */ = {isa = PBXFileReference; lastKnownFileType = sourcecode.swift; path = MyEventCardView.swift; sourceTree = "<group>"; };
		9B4850222C0A4CAA002A35FE /* MyEventResponse.swift */ = {isa = PBXFileReference; lastKnownFileType = sourcecode.swift; path = MyEventResponse.swift; sourceTree = "<group>"; };
		9B4850242C0A4F1A002A35FE /* MyEventServcie.swift */ = {isa = PBXFileReference; lastKnownFileType = sourcecode.swift; path = MyEventServcie.swift; sourceTree = "<group>"; };
		9B4850262C0A5449002A35FE /* MyEventEditView.swift */ = {isa = PBXFileReference; lastKnownFileType = sourcecode.swift; path = MyEventEditView.swift; sourceTree = "<group>"; };
		9B4850282C0A5FAE002A35FE /* ImagePicker.swift */ = {isa = PBXFileReference; lastKnownFileType = sourcecode.swift; path = ImagePicker.swift; sourceTree = "<group>"; };
		9B48502C2C0A7FEC002A35FE /* MyEventAddView.swift */ = {isa = PBXFileReference; lastKnownFileType = sourcecode.swift; path = MyEventAddView.swift; sourceTree = "<group>"; };
		9B5A8F442C08DF12002D009A /* MainTabView.swift */ = {isa = PBXFileReference; lastKnownFileType = sourcecode.swift; path = MainTabView.swift; sourceTree = "<group>"; };
		9B5A8F472C08E2A5002D009A /* LoadingView.swift */ = {isa = PBXFileReference; lastKnownFileType = sourcecode.swift; path = LoadingView.swift; sourceTree = "<group>"; };
		9B5A8F492C08E4D9002D009A /* AdvertisementService.swift */ = {isa = PBXFileReference; lastKnownFileType = sourcecode.swift; path = AdvertisementService.swift; sourceTree = "<group>"; };
		9B5A8F4B2C08EC2F002D009A /* EventCardView.swift */ = {isa = PBXFileReference; lastKnownFileType = sourcecode.swift; path = EventCardView.swift; sourceTree = "<group>"; };
		9B5A8F532C08F1E5002D009A /* HomeEventCardView.swift */ = {isa = PBXFileReference; lastKnownFileType = sourcecode.swift; path = HomeEventCardView.swift; sourceTree = "<group>"; };
		9B5A8F552C08F25F002D009A /* EventDetailView.swift */ = {isa = PBXFileReference; lastKnownFileType = sourcecode.swift; path = EventDetailView.swift; sourceTree = "<group>"; };
		9B6096462C06830200B2F144 /* LoginViewModel.swift */ = {isa = PBXFileReference; lastKnownFileType = sourcecode.swift; path = LoginViewModel.swift; sourceTree = "<group>"; };
		9B6096482C08855A00B2F144 /* RegisterNamePhoneView.swift */ = {isa = PBXFileReference; lastKnownFileType = sourcecode.swift; path = RegisterNamePhoneView.swift; sourceTree = "<group>"; };
		9B7D653F2C06006500186114 /* FTAButtonStyle.swift */ = {isa = PBXFileReference; lastKnownFileType = sourcecode.swift; path = FTAButtonStyle.swift; sourceTree = "<group>"; };
		9B7D65452C061E5A00186114 /* UserService.swift */ = {isa = PBXFileReference; lastKnownFileType = sourcecode.swift; path = UserService.swift; sourceTree = "<group>"; };
		9B95FF9F2C08A6470035BFE1 /* SignUpRequestDTO.swift */ = {isa = PBXFileReference; lastKnownFileType = sourcecode.swift; path = SignUpRequestDTO.swift; sourceTree = "<group>"; };
		9B95FFA12C08A7B50035BFE1 /* LoginRequestDTO.swift */ = {isa = PBXFileReference; lastKnownFileType = sourcecode.swift; path = LoginRequestDTO.swift; sourceTree = "<group>"; };
		9B95FFA42C08B58C0035BFE1 /* View+ShakeEffectExtension.swift */ = {isa = PBXFileReference; lastKnownFileType = sourcecode.swift; path = "View+ShakeEffectExtension.swift"; sourceTree = "<group>"; };
		9B95FFA62C08BA400035BFE1 /* View+DismissKeyboardExtension.swift */ = {isa = PBXFileReference; lastKnownFileType = sourcecode.swift; path = "View+DismissKeyboardExtension.swift"; sourceTree = "<group>"; };
		9B95FFA82C08BA560035BFE1 /* View+PlaceholderExtension.swift */ = {isa = PBXFileReference; lastKnownFileType = sourcecode.swift; path = "View+PlaceholderExtension.swift"; sourceTree = "<group>"; };
		9B95FFAC2C08D79D0035BFE1 /* EventService.swift */ = {isa = PBXFileReference; lastKnownFileType = sourcecode.swift; path = EventService.swift; sourceTree = "<group>"; };
		9B95FFAE2C08D8580035BFE1 /* EventViewModel.swift */ = {isa = PBXFileReference; lastKnownFileType = sourcecode.swift; path = EventViewModel.swift; sourceTree = "<group>"; };
		9B96687E2C0902FC00AE9FC1 /* CustomBackNavigationView.swift */ = {isa = PBXFileReference; lastKnownFileType = sourcecode.swift; path = CustomBackNavigationView.swift; sourceTree = "<group>"; };
		9BEB100E2C0087B200D18362 /* FoodTruckApp3.app */ = {isa = PBXFileReference; explicitFileType = wrapper.application; includeInIndex = 0; path = FoodTruckApp3.app; sourceTree = BUILT_PRODUCTS_DIR; };
		9BEB10112C0087B200D18362 /* FoodTruckApp3App.swift */ = {isa = PBXFileReference; lastKnownFileType = sourcecode.swift; path = FoodTruckApp3App.swift; sourceTree = "<group>"; };
		9BEB10182C0087B400D18362 /* Preview Assets.xcassets */ = {isa = PBXFileReference; lastKnownFileType = folder.assetcatalog; path = "Preview Assets.xcassets"; sourceTree = "<group>"; };
		9BEB101E2C0087B400D18362 /* FoodTruckApp3Tests.xctest */ = {isa = PBXFileReference; explicitFileType = wrapper.cfbundle; includeInIndex = 0; path = FoodTruckApp3Tests.xctest; sourceTree = BUILT_PRODUCTS_DIR; };
		9BEB10222C0087B400D18362 /* FoodTruckApp3Tests.swift */ = {isa = PBXFileReference; lastKnownFileType = sourcecode.swift; path = FoodTruckApp3Tests.swift; sourceTree = "<group>"; };
		9BEB10282C0087B400D18362 /* FoodTruckApp3UITests.xctest */ = {isa = PBXFileReference; explicitFileType = wrapper.cfbundle; includeInIndex = 0; path = FoodTruckApp3UITests.xctest; sourceTree = BUILT_PRODUCTS_DIR; };
		9BEB102C2C0087B400D18362 /* FoodTruckApp3UITests.swift */ = {isa = PBXFileReference; lastKnownFileType = sourcecode.swift; path = FoodTruckApp3UITests.swift; sourceTree = "<group>"; };
		9BEB102E2C0087B400D18362 /* FoodTruckApp3UITestsLaunchTests.swift */ = {isa = PBXFileReference; lastKnownFileType = sourcecode.swift; path = FoodTruckApp3UITestsLaunchTests.swift; sourceTree = "<group>"; };
		9BEB103E2C00881800D18362 /* Colors.xcassets */ = {isa = PBXFileReference; lastKnownFileType = folder.assetcatalog; path = Colors.xcassets; sourceTree = "<group>"; };
		9BEB103F2C00881800D18362 /* FTAFont.swift */ = {isa = PBXFileReference; fileEncoding = 4; lastKnownFileType = sourcecode.swift; path = FTAFont.swift; sourceTree = "<group>"; };
		9BEB10402C00881800D18362 /* FTAColor.swift */ = {isa = PBXFileReference; fileEncoding = 4; lastKnownFileType = sourcecode.swift; path = FTAColor.swift; sourceTree = "<group>"; };
		9BEB10412C00881800D18362 /* Assets.xcassets */ = {isa = PBXFileReference; lastKnownFileType = folder.assetcatalog; path = Assets.xcassets; sourceTree = "<group>"; };
		9BEB10422C00881800D18362 /* Images.xcassets */ = {isa = PBXFileReference; lastKnownFileType = folder.assetcatalog; path = Images.xcassets; sourceTree = "<group>"; };
		9BEB10432C00881800D18362 /* FTAImage.swift */ = {isa = PBXFileReference; fileEncoding = 4; lastKnownFileType = sourcecode.swift; path = FTAImage.swift; sourceTree = "<group>"; };
		9BEB104A2C00897F00D18362 /* LaunchScreen.storyboard */ = {isa = PBXFileReference; fileEncoding = 4; lastKnownFileType = file.storyboard; path = LaunchScreen.storyboard; sourceTree = "<group>"; };
		9BEB105A2C0091DF00D18362 /* LoginIntroView.swift */ = {isa = PBXFileReference; lastKnownFileType = sourcecode.swift; path = LoginIntroView.swift; sourceTree = "<group>"; };
		9BEB105E2C01045000D18362 /* LoginView.swift */ = {isa = PBXFileReference; lastKnownFileType = sourcecode.swift; path = LoginView.swift; sourceTree = "<group>"; };
		9BEB10602C01059000D18362 /* FTAToggleButtonStyle.swift */ = {isa = PBXFileReference; lastKnownFileType = sourcecode.swift; path = FTAToggleButtonStyle.swift; sourceTree = "<group>"; };
		9BEB10622C0112E300D18362 /* MainTabType.swift */ = {isa = PBXFileReference; lastKnownFileType = sourcecode.swift; path = MainTabType.swift; sourceTree = "<group>"; };
		9BEB10662C01149700D18362 /* HomeView.swift */ = {isa = PBXFileReference; lastKnownFileType = sourcecode.swift; path = HomeView.swift; sourceTree = "<group>"; };
		9BEB10692C0114AD00D18362 /* EventListView.swift */ = {isa = PBXFileReference; lastKnownFileType = sourcecode.swift; path = EventListView.swift; sourceTree = "<group>"; };
		9BEB10712C011AFF00D18362 /* HomeViewModel.swift */ = {isa = PBXFileReference; lastKnownFileType = sourcecode.swift; path = HomeViewModel.swift; sourceTree = "<group>"; };
		9BEB10792C01CB8A00D18362 /* FindIdView.swift */ = {isa = PBXFileReference; lastKnownFileType = sourcecode.swift; path = FindIdView.swift; sourceTree = "<group>"; };
		9BEB107B2C01CB9A00D18362 /* FindPasswordView.swift */ = {isa = PBXFileReference; lastKnownFileType = sourcecode.swift; path = FindPasswordView.swift; sourceTree = "<group>"; };
		9BEB107E2C01CCAC00D18362 /* RegisterEmailView.swift */ = {isa = PBXFileReference; lastKnownFileType = sourcecode.swift; path = RegisterEmailView.swift; sourceTree = "<group>"; };
		9BEB10812C02643300D18362 /* NetworkService.swift */ = {isa = PBXFileReference; lastKnownFileType = sourcecode.swift; path = NetworkService.swift; sourceTree = "<group>"; };
		9BEB10862C02651A00D18362 /* EventResponse.swift */ = {isa = PBXFileReference; lastKnownFileType = sourcecode.swift; path = EventResponse.swift; sourceTree = "<group>"; };
		9BEB108C2C02686D00D18362 /* FoodTruckResponse.swift */ = {isa = PBXFileReference; lastKnownFileType = sourcecode.swift; path = FoodTruckResponse.swift; sourceTree = "<group>"; };
		9BEB10922C026F4200D18362 /* UserResponse.swift */ = {isa = PBXFileReference; lastKnownFileType = sourcecode.swift; path = UserResponse.swift; sourceTree = "<group>"; };
		9BEB10982C027B3F00D18362 /* RegisterPasswordView.swift */ = {isa = PBXFileReference; lastKnownFileType = sourcecode.swift; path = RegisterPasswordView.swift; sourceTree = "<group>"; };
		9BF9B97C2C097238008B815D /* ApplicationService.swift */ = {isa = PBXFileReference; lastKnownFileType = sourcecode.swift; path = ApplicationService.swift; sourceTree = "<group>"; };
		9BF9B97E2C0976C3008B815D /* FoodTruckViewModel.swift */ = {isa = PBXFileReference; lastKnownFileType = sourcecode.swift; path = FoodTruckViewModel.swift; sourceTree = "<group>"; };
		9BF9B9802C0976DC008B815D /* FoodTruckCardView.swift */ = {isa = PBXFileReference; lastKnownFileType = sourcecode.swift; path = FoodTruckCardView.swift; sourceTree = "<group>"; };
		9BF9B9822C0976EF008B815D /* FoodTruckListView.swift */ = {isa = PBXFileReference; lastKnownFileType = sourcecode.swift; path = FoodTruckListView.swift; sourceTree = "<group>"; };
		9BF9B9842C09771A008B815D /* FoodTruckService.swift */ = {isa = PBXFileReference; lastKnownFileType = sourcecode.swift; path = FoodTruckService.swift; sourceTree = "<group>"; };
		9BF9B9862C098C45008B815D /* HomeFoodTruckCardView.swift */ = {isa = PBXFileReference; lastKnownFileType = sourcecode.swift; path = HomeFoodTruckCardView.swift; sourceTree = "<group>"; };
		9BF9B98A2C098EAD008B815D /* Shape+CustomCornerRadius.swift */ = {isa = PBXFileReference; lastKnownFileType = sourcecode.swift; path = "Shape+CustomCornerRadius.swift"; sourceTree = "<group>"; };
		9BF9B98F2C099B40008B815D /* MyPageView.swift */ = {isa = PBXFileReference; lastKnownFileType = sourcecode.swift; path = MyPageView.swift; sourceTree = "<group>"; };
		9BF9B9912C09A1F4008B815D /* MoreButtonView.swift */ = {isa = PBXFileReference; lastKnownFileType = sourcecode.swift; path = MoreButtonView.swift; sourceTree = "<group>"; };
		9BF9B9932C09DCCD008B815D /* FoodTruckDetailView.swift */ = {isa = PBXFileReference; lastKnownFileType = sourcecode.swift; path = FoodTruckDetailView.swift; sourceTree = "<group>"; };
		9BF9B9952C09F41E008B815D /* StarRatingView.swift */ = {isa = PBXFileReference; lastKnownFileType = sourcecode.swift; path = StarRatingView.swift; sourceTree = "<group>"; };
		9BF9B9972C09FFC7008B815D /* FoodTruckMenuCardView.swift */ = {isa = PBXFileReference; lastKnownFileType = sourcecode.swift; path = FoodTruckMenuCardView.swift; sourceTree = "<group>"; };
		9BF9B9992C0A0C74008B815D /* KeyChainService.swift */ = {isa = PBXFileReference; lastKnownFileType = sourcecode.swift; path = KeyChainService.swift; sourceTree = "<group>"; };
/* End PBXFileReference section */

/* Begin PBXFrameworksBuildPhase section */
		9BEB100B2C0087B200D18362 /* Frameworks */ = {
			isa = PBXFrameworksBuildPhase;
			buildActionMask = 2147483647;
			files = (
				9B5A8F4F2C08EC3F002D009A /* Kingfisher in Frameworks */,
				9BEB108B2C02671700D18362 /* Alamofire in Frameworks */,
				9B5A8F522C08EC47002D009A /* Lottie in Frameworks */,
			);
			runOnlyForDeploymentPostprocessing = 0;
		};
		9BEB101B2C0087B400D18362 /* Frameworks */ = {
			isa = PBXFrameworksBuildPhase;
			buildActionMask = 2147483647;
			files = (
			);
			runOnlyForDeploymentPostprocessing = 0;
		};
		9BEB10252C0087B400D18362 /* Frameworks */ = {
			isa = PBXFrameworksBuildPhase;
			buildActionMask = 2147483647;
			files = (
			);
			runOnlyForDeploymentPostprocessing = 0;
		};
/* End PBXFrameworksBuildPhase section */

/* Begin PBXGroup section */
		9B5A8F462C08E29A002D009A /* Loading */ = {
			isa = PBXGroup;
			children = (
				9B5A8F472C08E2A5002D009A /* LoadingView.swift */,
			);
			path = Loading;
			sourceTree = "<group>";
		};
		9B95FFA32C08B57E0035BFE1 /* Extension */ = {
			isa = PBXGroup;
			children = (
				9B95FFA42C08B58C0035BFE1 /* View+ShakeEffectExtension.swift */,
				9B95FFA62C08BA400035BFE1 /* View+DismissKeyboardExtension.swift */,
				9B95FFA82C08BA560035BFE1 /* View+PlaceholderExtension.swift */,
				9B96687E2C0902FC00AE9FC1 /* CustomBackNavigationView.swift */,
				9BF9B98A2C098EAD008B815D /* Shape+CustomCornerRadius.swift */,
			);
			path = Extension;
			sourceTree = "<group>";
		};
		9BEB10052C0087B200D18362 = {
			isa = PBXGroup;
			children = (
				9BEB10102C0087B200D18362 /* FoodTruckApp3 */,
				9BEB10212C0087B400D18362 /* FoodTruckApp3Tests */,
				9BEB102B2C0087B400D18362 /* FoodTruckApp3UITests */,
				9BEB100F2C0087B200D18362 /* Products */,
			);
			sourceTree = "<group>";
		};
		9BEB100F2C0087B200D18362 /* Products */ = {
			isa = PBXGroup;
			children = (
				9BEB100E2C0087B200D18362 /* FoodTruckApp3.app */,
				9BEB101E2C0087B400D18362 /* FoodTruckApp3Tests.xctest */,
				9BEB10282C0087B400D18362 /* FoodTruckApp3UITests.xctest */,
			);
			name = Products;
			sourceTree = "<group>";
		};
		9BEB10102C0087B200D18362 /* FoodTruckApp3 */ = {
			isa = PBXGroup;
			children = (
				9BEB10112C0087B200D18362 /* FoodTruckApp3App.swift */,
				9B95FFA32C08B57E0035BFE1 /* Extension */,
				9BEB10802C02642000D18362 /* Network */,
				9BEB10762C01C08000D18362 /* DTO */,
				9BEB10732C01C02600D18362 /* Model */,
				9BEB10522C008C5900D18362 /* View */,
				9BEB103D2C00881800D18362 /* DesignSource */,
				9BEB10172C0087B400D18362 /* Preview Content */,
			);
			path = FoodTruckApp3;
			sourceTree = "<group>";
		};
		9BEB10172C0087B400D18362 /* Preview Content */ = {
			isa = PBXGroup;
			children = (
				9BEB10182C0087B400D18362 /* Preview Assets.xcassets */,
			);
			path = "Preview Content";
			sourceTree = "<group>";
		};
		9BEB10212C0087B400D18362 /* FoodTruckApp3Tests */ = {
			isa = PBXGroup;
			children = (
				9BEB10222C0087B400D18362 /* FoodTruckApp3Tests.swift */,
			);
			path = FoodTruckApp3Tests;
			sourceTree = "<group>";
		};
		9BEB102B2C0087B400D18362 /* FoodTruckApp3UITests */ = {
			isa = PBXGroup;
			children = (
				9BEB102C2C0087B400D18362 /* FoodTruckApp3UITests.swift */,
				9BEB102E2C0087B400D18362 /* FoodTruckApp3UITestsLaunchTests.swift */,
			);
			path = FoodTruckApp3UITests;
			sourceTree = "<group>";
		};
		9BEB103D2C00881800D18362 /* DesignSource */ = {
			isa = PBXGroup;
			children = (
				9B7D653F2C06006500186114 /* FTAButtonStyle.swift */,
				9BEB10602C01059000D18362 /* FTAToggleButtonStyle.swift */,
				9BEB104A2C00897F00D18362 /* LaunchScreen.storyboard */,
				9BEB10432C00881800D18362 /* FTAImage.swift */,
				9BEB103F2C00881800D18362 /* FTAFont.swift */,
				9BEB10402C00881800D18362 /* FTAColor.swift */,
				9BEB103E2C00881800D18362 /* Colors.xcassets */,
				9BEB10412C00881800D18362 /* Assets.xcassets */,
				9BEB10422C00881800D18362 /* Images.xcassets */,
			);
			path = DesignSource;
			sourceTree = "<group>";
		};
		9BEB10522C008C5900D18362 /* View */ = {
			isa = PBXGroup;
			children = (
				9BEB10652C01148400D18362 /* Home */,
				9BF9B98E2C099B34008B815D /* My */,
				9BF9B9772C097209008B815D /* Application */,
				9BF9B9762C097009008B815D /* Setting */,
				9B5A8F462C08E29A002D009A /* Loading */,
				9BEB107D2C01CCA400D18362 /* Register */,
				9BEB10682C0114A200D18362 /* Event */,
				9BEB106B2C0114F800D18362 /* FoodTruck */,
				9BEB10592C0091D000D18362 /* Login */,
				9BEB10582C0091BD00D18362 /* MainTab */,
			);
			path = View;
			sourceTree = "<group>";
		};
		9BEB10582C0091BD00D18362 /* MainTab */ = {
			isa = PBXGroup;
			children = (
				9BEB10622C0112E300D18362 /* MainTabType.swift */,
				9B5A8F442C08DF12002D009A /* MainTabView.swift */,
			);
			path = MainTab;
			sourceTree = "<group>";
		};
		9BEB10592C0091D000D18362 /* Login */ = {
			isa = PBXGroup;
			children = (
				9BEB105A2C0091DF00D18362 /* LoginIntroView.swift */,
				9BEB105E2C01045000D18362 /* LoginView.swift */,
				9BEB10792C01CB8A00D18362 /* FindIdView.swift */,
				9BEB107B2C01CB9A00D18362 /* FindPasswordView.swift */,
				9B6096462C06830200B2F144 /* LoginViewModel.swift */,
			);
			path = Login;
			sourceTree = "<group>";
		};
		9BEB10652C01148400D18362 /* Home */ = {
			isa = PBXGroup;
			children = (
				9BEB10662C01149700D18362 /* HomeView.swift */,
				9BEB10712C011AFF00D18362 /* HomeViewModel.swift */,
				9B5A8F532C08F1E5002D009A /* HomeEventCardView.swift */,
				9BF9B9862C098C45008B815D /* HomeFoodTruckCardView.swift */,
				9BF9B9912C09A1F4008B815D /* MoreButtonView.swift */,
			);
			path = Home;
			sourceTree = "<group>";
		};
		9BEB10682C0114A200D18362 /* Event */ = {
			isa = PBXGroup;
			children = (
				9BEB10692C0114AD00D18362 /* EventListView.swift */,
				9B5A8F552C08F25F002D009A /* EventDetailView.swift */,
				9B5A8F4B2C08EC2F002D009A /* EventCardView.swift */,
				9B95FFAE2C08D8580035BFE1 /* EventViewModel.swift */,
			);
			path = Event;
			sourceTree = "<group>";
		};
		9BEB106B2C0114F800D18362 /* FoodTruck */ = {
			isa = PBXGroup;
			children = (
				9BF9B9822C0976EF008B815D /* FoodTruckListView.swift */,
				9BF9B9802C0976DC008B815D /* FoodTruckCardView.swift */,
				9BF9B97E2C0976C3008B815D /* FoodTruckViewModel.swift */,
				9BF9B9932C09DCCD008B815D /* FoodTruckDetailView.swift */,
				9BF9B9952C09F41E008B815D /* StarRatingView.swift */,
				9BF9B9972C09FFC7008B815D /* FoodTruckMenuCardView.swift */,
			);
			path = FoodTruck;
			sourceTree = "<group>";
		};
		9BEB10732C01C02600D18362 /* Model */ = {
			isa = PBXGroup;
			children = (
				9BEB10862C02651A00D18362 /* EventResponse.swift */,
				9BEB108C2C02686D00D18362 /* FoodTruckResponse.swift */,
				9B4850182C0A20A6002A35FE /* ApplicationResponse.swift */,
				9BEB10922C026F4200D18362 /* UserResponse.swift */,
				9B4850222C0A4CAA002A35FE /* MyEventResponse.swift */,
			);
			path = Model;
			sourceTree = "<group>";
		};
		9BEB10762C01C08000D18362 /* DTO */ = {
			isa = PBXGroup;
			children = (
				9B95FF9F2C08A6470035BFE1 /* SignUpRequestDTO.swift */,
				9B95FFA12C08A7B50035BFE1 /* LoginRequestDTO.swift */,
			);
			path = DTO;
			sourceTree = "<group>";
		};
		9BEB107D2C01CCA400D18362 /* Register */ = {
			isa = PBXGroup;
			children = (
				9BEB107E2C01CCAC00D18362 /* RegisterEmailView.swift */,
				9BEB10982C027B3F00D18362 /* RegisterPasswordView.swift */,
				9B6096482C08855A00B2F144 /* RegisterNamePhoneView.swift */,
				9B089F732C05EBC100E2B1AC /* UserRegisterViewModel.swift */,
			);
			path = Register;
			sourceTree = "<group>";
		};
		9BEB10802C02642000D18362 /* Network */ = {
			isa = PBXGroup;
			children = (
				9BEB10812C02643300D18362 /* NetworkService.swift */,
				9B7D65452C061E5A00186114 /* UserService.swift */,
				9B95FFAC2C08D79D0035BFE1 /* EventService.swift */,
				9B5A8F492C08E4D9002D009A /* AdvertisementService.swift */,
				9BF9B97C2C097238008B815D /* ApplicationService.swift */,
				9BF9B9842C09771A008B815D /* FoodTruckService.swift */,
				9BF9B9992C0A0C74008B815D /* KeyChainService.swift */,
				9B4850242C0A4F1A002A35FE /* MyEventServcie.swift */,
			);
			path = Network;
			sourceTree = "<group>";
		};
		9BF9B9762C097009008B815D /* Setting */ = {
			isa = PBXGroup;
			children = (
			);
			path = Setting;
			sourceTree = "<group>";
		};
		9BF9B9772C097209008B815D /* Application */ = {
			isa = PBXGroup;
			children = (
			);
			path = Application;
			sourceTree = "<group>";
		};
		9BF9B98E2C099B34008B815D /* My */ = {
			isa = PBXGroup;
			children = (
				9BF9B98F2C099B40008B815D /* MyPageView.swift */,
				9B48501C2C0A2E71002A35FE /* MyEventView.swift */,
				9B4850202C0A4AE3002A35FE /* MyEventCardView.swift */,
				9B4850262C0A5449002A35FE /* MyEventEditView.swift */,
				9B4850282C0A5FAE002A35FE /* ImagePicker.swift */,
				9B48502C2C0A7FEC002A35FE /* MyEventAddView.swift */,
				9B48501E2C0A3017002A35FE /* MyEventViewModel.swift */,
			);
			path = My;
			sourceTree = "<group>";
		};
/* End PBXGroup section */

/* Begin PBXNativeTarget section */
		9BEB100D2C0087B200D18362 /* FoodTruckApp3 */ = {
			isa = PBXNativeTarget;
			buildConfigurationList = 9BEB10322C0087B400D18362 /* Build configuration list for PBXNativeTarget "FoodTruckApp3" */;
			buildPhases = (
				9BEB100A2C0087B200D18362 /* Sources */,
				9BEB100B2C0087B200D18362 /* Frameworks */,
				9BEB100C2C0087B200D18362 /* Resources */,
			);
			buildRules = (
			);
			dependencies = (
			);
			name = FoodTruckApp3;
			packageProductDependencies = (
				9BEB108A2C02671700D18362 /* Alamofire */,
				9B5A8F4E2C08EC3F002D009A /* Kingfisher */,
				9B5A8F512C08EC47002D009A /* Lottie */,
			);
			productName = FoodTruckApp3;
			productReference = 9BEB100E2C0087B200D18362 /* FoodTruckApp3.app */;
			productType = "com.apple.product-type.application";
		};
		9BEB101D2C0087B400D18362 /* FoodTruckApp3Tests */ = {
			isa = PBXNativeTarget;
			buildConfigurationList = 9BEB10352C0087B400D18362 /* Build configuration list for PBXNativeTarget "FoodTruckApp3Tests" */;
			buildPhases = (
				9BEB101A2C0087B400D18362 /* Sources */,
				9BEB101B2C0087B400D18362 /* Frameworks */,
				9BEB101C2C0087B400D18362 /* Resources */,
			);
			buildRules = (
			);
			dependencies = (
				9BEB10202C0087B400D18362 /* PBXTargetDependency */,
			);
			name = FoodTruckApp3Tests;
			productName = FoodTruckApp3Tests;
			productReference = 9BEB101E2C0087B400D18362 /* FoodTruckApp3Tests.xctest */;
			productType = "com.apple.product-type.bundle.unit-test";
		};
		9BEB10272C0087B400D18362 /* FoodTruckApp3UITests */ = {
			isa = PBXNativeTarget;
			buildConfigurationList = 9BEB10382C0087B400D18362 /* Build configuration list for PBXNativeTarget "FoodTruckApp3UITests" */;
			buildPhases = (
				9BEB10242C0087B400D18362 /* Sources */,
				9BEB10252C0087B400D18362 /* Frameworks */,
				9BEB10262C0087B400D18362 /* Resources */,
			);
			buildRules = (
			);
			dependencies = (
				9BEB102A2C0087B400D18362 /* PBXTargetDependency */,
			);
			name = FoodTruckApp3UITests;
			productName = FoodTruckApp3UITests;
			productReference = 9BEB10282C0087B400D18362 /* FoodTruckApp3UITests.xctest */;
			productType = "com.apple.product-type.bundle.ui-testing";
		};
/* End PBXNativeTarget section */

/* Begin PBXProject section */
		9BEB10062C0087B200D18362 /* Project object */ = {
			isa = PBXProject;
			attributes = {
				BuildIndependentTargetsInParallel = 1;
				LastSwiftUpdateCheck = 1520;
				LastUpgradeCheck = 1520;
				TargetAttributes = {
					9BEB100D2C0087B200D18362 = {
						CreatedOnToolsVersion = 15.2;
					};
					9BEB101D2C0087B400D18362 = {
						CreatedOnToolsVersion = 15.2;
						TestTargetID = 9BEB100D2C0087B200D18362;
					};
					9BEB10272C0087B400D18362 = {
						CreatedOnToolsVersion = 15.2;
						TestTargetID = 9BEB100D2C0087B200D18362;
					};
				};
			};
			buildConfigurationList = 9BEB10092C0087B200D18362 /* Build configuration list for PBXProject "FoodTruckApp3" */;
			compatibilityVersion = "Xcode 14.0";
			developmentRegion = en;
			hasScannedForEncodings = 0;
			knownRegions = (
				en,
				Base,
			);
			mainGroup = 9BEB10052C0087B200D18362;
			packageReferences = (
				9BEB10832C02644B00D18362 /* XCRemoteSwiftPackageReference "Alamofire" */,
				9B5A8F4D2C08EC3F002D009A /* XCRemoteSwiftPackageReference "Kingfisher" */,
				9B5A8F502C08EC47002D009A /* XCRemoteSwiftPackageReference "lottie-ios" */,
			);
			productRefGroup = 9BEB100F2C0087B200D18362 /* Products */;
			projectDirPath = "";
			projectRoot = "";
			targets = (
				9BEB100D2C0087B200D18362 /* FoodTruckApp3 */,
				9BEB101D2C0087B400D18362 /* FoodTruckApp3Tests */,
				9BEB10272C0087B400D18362 /* FoodTruckApp3UITests */,
			);
		};
/* End PBXProject section */

/* Begin PBXResourcesBuildPhase section */
		9BEB100C2C0087B200D18362 /* Resources */ = {
			isa = PBXResourcesBuildPhase;
			buildActionMask = 2147483647;
			files = (
				9BEB10442C00881900D18362 /* Colors.xcassets in Resources */,
				9BEB10192C0087B400D18362 /* Preview Assets.xcassets in Resources */,
				9BEB10482C00881900D18362 /* Images.xcassets in Resources */,
				9BEB104B2C00897F00D18362 /* LaunchScreen.storyboard in Resources */,
				9BEB10472C00881900D18362 /* Assets.xcassets in Resources */,
			);
			runOnlyForDeploymentPostprocessing = 0;
		};
		9BEB101C2C0087B400D18362 /* Resources */ = {
			isa = PBXResourcesBuildPhase;
			buildActionMask = 2147483647;
			files = (
			);
			runOnlyForDeploymentPostprocessing = 0;
		};
		9BEB10262C0087B400D18362 /* Resources */ = {
			isa = PBXResourcesBuildPhase;
			buildActionMask = 2147483647;
			files = (
			);
			runOnlyForDeploymentPostprocessing = 0;
		};
/* End PBXResourcesBuildPhase section */

/* Begin PBXSourcesBuildPhase section */
		9BEB100A2C0087B200D18362 /* Sources */ = {
			isa = PBXSourcesBuildPhase;
			buildActionMask = 2147483647;
			files = (
				9B7D65462C061E5A00186114 /* UserService.swift in Sources */,
				9B96687F2C0902FC00AE9FC1 /* CustomBackNavigationView.swift in Sources */,
				9B95FFAF2C08D8580035BFE1 /* EventViewModel.swift in Sources */,
				9BEB10722C011AFF00D18362 /* HomeViewModel.swift in Sources */,
				9BF9B9872C098C45008B815D /* HomeFoodTruckCardView.swift in Sources */,
				9BEB10452C00881900D18362 /* FTAFont.swift in Sources */,
				9BF9B99A2C0A0C75008B815D /* KeyChainService.swift in Sources */,
				9B5A8F452C08DF12002D009A /* MainTabView.swift in Sources */,
				9B7D65402C06006500186114 /* FTAButtonStyle.swift in Sources */,
				9BEB10122C0087B200D18362 /* FoodTruckApp3App.swift in Sources */,
				9BEB10672C01149700D18362 /* HomeView.swift in Sources */,
				9B95FFA72C08BA400035BFE1 /* View+DismissKeyboardExtension.swift in Sources */,
				9BEB10822C02643300D18362 /* NetworkService.swift in Sources */,
				9BEB10992C027B3F00D18362 /* RegisterPasswordView.swift in Sources */,
				9BF9B9832C0976EF008B815D /* FoodTruckListView.swift in Sources */,
				9BEB107A2C01CB8A00D18362 /* FindIdView.swift in Sources */,
				9BEB10872C02651A00D18362 /* EventResponse.swift in Sources */,
				9BF9B9902C099B40008B815D /* MyPageView.swift in Sources */,
				9BF9B9922C09A1F4008B815D /* MoreButtonView.swift in Sources */,
				9B95FFA52C08B58C0035BFE1 /* View+ShakeEffectExtension.swift in Sources */,
				9B5A8F4A2C08E4D9002D009A /* AdvertisementService.swift in Sources */,
				9BF9B9962C09F41E008B815D /* StarRatingView.swift in Sources */,
				9B4850192C0A20A6002A35FE /* ApplicationResponse.swift in Sources */,
				9B5A8F562C08F25F002D009A /* EventDetailView.swift in Sources */,
				9B95FFAD2C08D79D0035BFE1 /* EventService.swift in Sources */,
				9B48501D2C0A2E71002A35FE /* MyEventView.swift in Sources */,
				9B5A8F542C08F1E5002D009A /* HomeEventCardView.swift in Sources */,
				9B5A8F482C08E2A5002D009A /* LoadingView.swift in Sources */,
				9B4850272C0A5449002A35FE /* MyEventEditView.swift in Sources */,
				9BEB10612C01059000D18362 /* FTAToggleButtonStyle.swift in Sources */,
				9BF9B97D2C097238008B815D /* ApplicationService.swift in Sources */,
				9B4850232C0A4CAA002A35FE /* MyEventResponse.swift in Sources */,
				9B4850252C0A4F1A002A35FE /* MyEventServcie.swift in Sources */,
				9BEB106A2C0114AD00D18362 /* EventListView.swift in Sources */,
				9B95FFA02C08A6470035BFE1 /* SignUpRequestDTO.swift in Sources */,
				9BEB108D2C02686D00D18362 /* FoodTruckResponse.swift in Sources */,
				9BF9B9942C09DCCD008B815D /* FoodTruckDetailView.swift in Sources */,
				9BEB10632C0112E300D18362 /* MainTabType.swift in Sources */,
				9B6096492C08855A00B2F144 /* RegisterNamePhoneView.swift in Sources */,
				9BEB105F2C01045000D18362 /* LoginView.swift in Sources */,
				9B48501F2C0A3017002A35FE /* MyEventViewModel.swift in Sources */,
				9B089F742C05EBC100E2B1AC /* UserRegisterViewModel.swift in Sources */,
				9B95FFA92C08BA560035BFE1 /* View+PlaceholderExtension.swift in Sources */,
				9BEB10492C00881900D18362 /* FTAImage.swift in Sources */,
				9B48502D2C0A7FEC002A35FE /* MyEventAddView.swift in Sources */,
				9BF9B9852C09771A008B815D /* FoodTruckService.swift in Sources */,
				9B5A8F4C2C08EC2F002D009A /* EventCardView.swift in Sources */,
				9B4850292C0A5FAE002A35FE /* ImagePicker.swift in Sources */,
				9B6096472C06830200B2F144 /* LoginViewModel.swift in Sources */,
				9BF9B97F2C0976C3008B815D /* FoodTruckViewModel.swift in Sources */,
				9BEB10932C026F4200D18362 /* UserResponse.swift in Sources */,
				9B95FFA22C08A7B50035BFE1 /* LoginRequestDTO.swift in Sources */,
				9BEB10462C00881900D18362 /* FTAColor.swift in Sources */,
				9BF9B9812C0976DC008B815D /* FoodTruckCardView.swift in Sources */,
				9BEB105B2C0091DF00D18362 /* LoginIntroView.swift in Sources */,
				9BEB107F2C01CCAC00D18362 /* RegisterEmailView.swift in Sources */,
				9BEB107C2C01CB9A00D18362 /* FindPasswordView.swift in Sources */,
				9BF9B98B2C098EAD008B815D /* Shape+CustomCornerRadius.swift in Sources */,
				9BF9B9982C09FFC7008B815D /* FoodTruckMenuCardView.swift in Sources */,
				9B4850212C0A4AE3002A35FE /* MyEventCardView.swift in Sources */,
			);
			runOnlyForDeploymentPostprocessing = 0;
		};
		9BEB101A2C0087B400D18362 /* Sources */ = {
			isa = PBXSourcesBuildPhase;
			buildActionMask = 2147483647;
			files = (
				9BEB10232C0087B400D18362 /* FoodTruckApp3Tests.swift in Sources */,
			);
			runOnlyForDeploymentPostprocessing = 0;
		};
		9BEB10242C0087B400D18362 /* Sources */ = {
			isa = PBXSourcesBuildPhase;
			buildActionMask = 2147483647;
			files = (
				9BEB102F2C0087B400D18362 /* FoodTruckApp3UITestsLaunchTests.swift in Sources */,
				9BEB102D2C0087B400D18362 /* FoodTruckApp3UITests.swift in Sources */,
			);
			runOnlyForDeploymentPostprocessing = 0;
		};
/* End PBXSourcesBuildPhase section */

/* Begin PBXTargetDependency section */
		9BEB10202C0087B400D18362 /* PBXTargetDependency */ = {
			isa = PBXTargetDependency;
			target = 9BEB100D2C0087B200D18362 /* FoodTruckApp3 */;
			targetProxy = 9BEB101F2C0087B400D18362 /* PBXContainerItemProxy */;
		};
		9BEB102A2C0087B400D18362 /* PBXTargetDependency */ = {
			isa = PBXTargetDependency;
			target = 9BEB100D2C0087B200D18362 /* FoodTruckApp3 */;
			targetProxy = 9BEB10292C0087B400D18362 /* PBXContainerItemProxy */;
		};
/* End PBXTargetDependency section */

/* Begin XCBuildConfiguration section */
		9BEB10302C0087B400D18362 /* Debug */ = {
			isa = XCBuildConfiguration;
			buildSettings = {
				ALWAYS_SEARCH_USER_PATHS = NO;
				ASSETCATALOG_COMPILER_GENERATE_SWIFT_ASSET_SYMBOL_EXTENSIONS = YES;
				CLANG_ANALYZER_NONNULL = YES;
				CLANG_ANALYZER_NUMBER_OBJECT_CONVERSION = YES_AGGRESSIVE;
				CLANG_CXX_LANGUAGE_STANDARD = "gnu++20";
				CLANG_ENABLE_MODULES = YES;
				CLANG_ENABLE_OBJC_ARC = YES;
				CLANG_ENABLE_OBJC_WEAK = YES;
				CLANG_WARN_BLOCK_CAPTURE_AUTORELEASING = YES;
				CLANG_WARN_BOOL_CONVERSION = YES;
				CLANG_WARN_COMMA = YES;
				CLANG_WARN_CONSTANT_CONVERSION = YES;
				CLANG_WARN_DEPRECATED_OBJC_IMPLEMENTATIONS = YES;
				CLANG_WARN_DIRECT_OBJC_ISA_USAGE = YES_ERROR;
				CLANG_WARN_DOCUMENTATION_COMMENTS = YES;
				CLANG_WARN_EMPTY_BODY = YES;
				CLANG_WARN_ENUM_CONVERSION = YES;
				CLANG_WARN_INFINITE_RECURSION = YES;
				CLANG_WARN_INT_CONVERSION = YES;
				CLANG_WARN_NON_LITERAL_NULL_CONVERSION = YES;
				CLANG_WARN_OBJC_IMPLICIT_RETAIN_SELF = YES;
				CLANG_WARN_OBJC_LITERAL_CONVERSION = YES;
				CLANG_WARN_OBJC_ROOT_CLASS = YES_ERROR;
				CLANG_WARN_QUOTED_INCLUDE_IN_FRAMEWORK_HEADER = YES;
				CLANG_WARN_RANGE_LOOP_ANALYSIS = YES;
				CLANG_WARN_STRICT_PROTOTYPES = YES;
				CLANG_WARN_SUSPICIOUS_MOVE = YES;
				CLANG_WARN_UNGUARDED_AVAILABILITY = YES_AGGRESSIVE;
				CLANG_WARN_UNREACHABLE_CODE = YES;
				CLANG_WARN__DUPLICATE_METHOD_MATCH = YES;
				COPY_PHASE_STRIP = NO;
				DEBUG_INFORMATION_FORMAT = dwarf;
				ENABLE_STRICT_OBJC_MSGSEND = YES;
				ENABLE_TESTABILITY = YES;
				ENABLE_USER_SCRIPT_SANDBOXING = YES;
				GCC_C_LANGUAGE_STANDARD = gnu17;
				GCC_DYNAMIC_NO_PIC = NO;
				GCC_NO_COMMON_BLOCKS = YES;
				GCC_OPTIMIZATION_LEVEL = 0;
				GCC_PREPROCESSOR_DEFINITIONS = (
					"DEBUG=1",
					"$(inherited)",
				);
				GCC_WARN_64_TO_32_BIT_CONVERSION = YES;
				GCC_WARN_ABOUT_RETURN_TYPE = YES_ERROR;
				GCC_WARN_UNDECLARED_SELECTOR = YES;
				GCC_WARN_UNINITIALIZED_AUTOS = YES_AGGRESSIVE;
				GCC_WARN_UNUSED_FUNCTION = YES;
				GCC_WARN_UNUSED_VARIABLE = YES;
				IPHONEOS_DEPLOYMENT_TARGET = 17.2;
				LOCALIZATION_PREFERS_STRING_CATALOGS = YES;
				MTL_ENABLE_DEBUG_INFO = INCLUDE_SOURCE;
				MTL_FAST_MATH = YES;
				ONLY_ACTIVE_ARCH = YES;
				SDKROOT = iphoneos;
				SWIFT_ACTIVE_COMPILATION_CONDITIONS = "DEBUG $(inherited)";
				SWIFT_OPTIMIZATION_LEVEL = "-Onone";
			};
			name = Debug;
		};
		9BEB10312C0087B400D18362 /* Release */ = {
			isa = XCBuildConfiguration;
			buildSettings = {
				ALWAYS_SEARCH_USER_PATHS = NO;
				ASSETCATALOG_COMPILER_GENERATE_SWIFT_ASSET_SYMBOL_EXTENSIONS = YES;
				CLANG_ANALYZER_NONNULL = YES;
				CLANG_ANALYZER_NUMBER_OBJECT_CONVERSION = YES_AGGRESSIVE;
				CLANG_CXX_LANGUAGE_STANDARD = "gnu++20";
				CLANG_ENABLE_MODULES = YES;
				CLANG_ENABLE_OBJC_ARC = YES;
				CLANG_ENABLE_OBJC_WEAK = YES;
				CLANG_WARN_BLOCK_CAPTURE_AUTORELEASING = YES;
				CLANG_WARN_BOOL_CONVERSION = YES;
				CLANG_WARN_COMMA = YES;
				CLANG_WARN_CONSTANT_CONVERSION = YES;
				CLANG_WARN_DEPRECATED_OBJC_IMPLEMENTATIONS = YES;
				CLANG_WARN_DIRECT_OBJC_ISA_USAGE = YES_ERROR;
				CLANG_WARN_DOCUMENTATION_COMMENTS = YES;
				CLANG_WARN_EMPTY_BODY = YES;
				CLANG_WARN_ENUM_CONVERSION = YES;
				CLANG_WARN_INFINITE_RECURSION = YES;
				CLANG_WARN_INT_CONVERSION = YES;
				CLANG_WARN_NON_LITERAL_NULL_CONVERSION = YES;
				CLANG_WARN_OBJC_IMPLICIT_RETAIN_SELF = YES;
				CLANG_WARN_OBJC_LITERAL_CONVERSION = YES;
				CLANG_WARN_OBJC_ROOT_CLASS = YES_ERROR;
				CLANG_WARN_QUOTED_INCLUDE_IN_FRAMEWORK_HEADER = YES;
				CLANG_WARN_RANGE_LOOP_ANALYSIS = YES;
				CLANG_WARN_STRICT_PROTOTYPES = YES;
				CLANG_WARN_SUSPICIOUS_MOVE = YES;
				CLANG_WARN_UNGUARDED_AVAILABILITY = YES_AGGRESSIVE;
				CLANG_WARN_UNREACHABLE_CODE = YES;
				CLANG_WARN__DUPLICATE_METHOD_MATCH = YES;
				COPY_PHASE_STRIP = NO;
				DEBUG_INFORMATION_FORMAT = "dwarf-with-dsym";
				ENABLE_NS_ASSERTIONS = NO;
				ENABLE_STRICT_OBJC_MSGSEND = YES;
				ENABLE_USER_SCRIPT_SANDBOXING = YES;
				GCC_C_LANGUAGE_STANDARD = gnu17;
				GCC_NO_COMMON_BLOCKS = YES;
				GCC_WARN_64_TO_32_BIT_CONVERSION = YES;
				GCC_WARN_ABOUT_RETURN_TYPE = YES_ERROR;
				GCC_WARN_UNDECLARED_SELECTOR = YES;
				GCC_WARN_UNINITIALIZED_AUTOS = YES_AGGRESSIVE;
				GCC_WARN_UNUSED_FUNCTION = YES;
				GCC_WARN_UNUSED_VARIABLE = YES;
				IPHONEOS_DEPLOYMENT_TARGET = 17.2;
				LOCALIZATION_PREFERS_STRING_CATALOGS = YES;
				MTL_ENABLE_DEBUG_INFO = NO;
				MTL_FAST_MATH = YES;
				SDKROOT = iphoneos;
				SWIFT_COMPILATION_MODE = wholemodule;
				VALIDATE_PRODUCT = YES;
			};
			name = Release;
		};
		9BEB10332C0087B400D18362 /* Debug */ = {
			isa = XCBuildConfiguration;
			buildSettings = {
				ASSETCATALOG_COMPILER_APPICON_NAME = AppIcon;
				ASSETCATALOG_COMPILER_GLOBAL_ACCENT_COLOR_NAME = AccentColor;
				CODE_SIGN_STYLE = Automatic;
				CURRENT_PROJECT_VERSION = 1;
				DEVELOPMENT_ASSET_PATHS = "\"FoodTruckApp3/Preview Content\"";
				DEVELOPMENT_TEAM = AMNS6W2AA9;
				ENABLE_PREVIEWS = YES;
				GENERATE_INFOPLIST_FILE = YES;
				INFOPLIST_KEY_UIApplicationSceneManifest_Generation = YES;
				INFOPLIST_KEY_UIApplicationSupportsIndirectInputEvents = YES;
				INFOPLIST_KEY_UILaunchStoryboardName = LaunchScreen;
				INFOPLIST_KEY_UISupportedInterfaceOrientations = UIInterfaceOrientationPortrait;
				IPHONEOS_DEPLOYMENT_TARGET = 16.0;
				LD_RUNPATH_SEARCH_PATHS = (
					"$(inherited)",
					"@executable_path/Frameworks",
				);
				MARKETING_VERSION = 1.0;
				PRODUCT_BUNDLE_IDENTIFIER = kr.co.lee.FoodTruckApp3;
				PRODUCT_NAME = "$(TARGET_NAME)";
				SWIFT_EMIT_LOC_STRINGS = YES;
				SWIFT_VERSION = 5.0;
				TARGETED_DEVICE_FAMILY = "1,2";
			};
			name = Debug;
		};
		9BEB10342C0087B400D18362 /* Release */ = {
			isa = XCBuildConfiguration;
			buildSettings = {
				ASSETCATALOG_COMPILER_APPICON_NAME = AppIcon;
				ASSETCATALOG_COMPILER_GLOBAL_ACCENT_COLOR_NAME = AccentColor;
				CODE_SIGN_STYLE = Automatic;
				CURRENT_PROJECT_VERSION = 1;
				DEVELOPMENT_ASSET_PATHS = "\"FoodTruckApp3/Preview Content\"";
				DEVELOPMENT_TEAM = AMNS6W2AA9;
				ENABLE_PREVIEWS = YES;
				GENERATE_INFOPLIST_FILE = YES;
				INFOPLIST_KEY_UIApplicationSceneManifest_Generation = YES;
				INFOPLIST_KEY_UIApplicationSupportsIndirectInputEvents = YES;
				INFOPLIST_KEY_UILaunchStoryboardName = LaunchScreen;
				INFOPLIST_KEY_UISupportedInterfaceOrientations = UIInterfaceOrientationPortrait;
				IPHONEOS_DEPLOYMENT_TARGET = 16.0;
				LD_RUNPATH_SEARCH_PATHS = (
					"$(inherited)",
					"@executable_path/Frameworks",
				);
				MARKETING_VERSION = 1.0;
				PRODUCT_BUNDLE_IDENTIFIER = kr.co.lee.FoodTruckApp3;
				PRODUCT_NAME = "$(TARGET_NAME)";
				SWIFT_EMIT_LOC_STRINGS = YES;
				SWIFT_VERSION = 5.0;
				TARGETED_DEVICE_FAMILY = "1,2";
			};
			name = Release;
		};
		9BEB10362C0087B400D18362 /* Debug */ = {
			isa = XCBuildConfiguration;
			buildSettings = {
				ALWAYS_EMBED_SWIFT_STANDARD_LIBRARIES = YES;
				BUNDLE_LOADER = "$(TEST_HOST)";
				CODE_SIGN_STYLE = Automatic;
				CURRENT_PROJECT_VERSION = 1;
				DEVELOPMENT_TEAM = AMNS6W2AA9;
				GENERATE_INFOPLIST_FILE = YES;
				IPHONEOS_DEPLOYMENT_TARGET = 17.2;
				MARKETING_VERSION = 1.0;
				PRODUCT_BUNDLE_IDENTIFIER = kr.co.lee.FoodTruckApp3Tests;
				PRODUCT_NAME = "$(TARGET_NAME)";
				SWIFT_EMIT_LOC_STRINGS = NO;
				SWIFT_VERSION = 5.0;
				TARGETED_DEVICE_FAMILY = "1,2";
				TEST_HOST = "$(BUILT_PRODUCTS_DIR)/FoodTruckApp3.app/$(BUNDLE_EXECUTABLE_FOLDER_PATH)/FoodTruckApp3";
			};
			name = Debug;
		};
		9BEB10372C0087B400D18362 /* Release */ = {
			isa = XCBuildConfiguration;
			buildSettings = {
				ALWAYS_EMBED_SWIFT_STANDARD_LIBRARIES = YES;
				BUNDLE_LOADER = "$(TEST_HOST)";
				CODE_SIGN_STYLE = Automatic;
				CURRENT_PROJECT_VERSION = 1;
				DEVELOPMENT_TEAM = AMNS6W2AA9;
				GENERATE_INFOPLIST_FILE = YES;
				IPHONEOS_DEPLOYMENT_TARGET = 17.2;
				MARKETING_VERSION = 1.0;
				PRODUCT_BUNDLE_IDENTIFIER = kr.co.lee.FoodTruckApp3Tests;
				PRODUCT_NAME = "$(TARGET_NAME)";
				SWIFT_EMIT_LOC_STRINGS = NO;
				SWIFT_VERSION = 5.0;
				TARGETED_DEVICE_FAMILY = "1,2";
				TEST_HOST = "$(BUILT_PRODUCTS_DIR)/FoodTruckApp3.app/$(BUNDLE_EXECUTABLE_FOLDER_PATH)/FoodTruckApp3";
			};
			name = Release;
		};
		9BEB10392C0087B400D18362 /* Debug */ = {
			isa = XCBuildConfiguration;
			buildSettings = {
				ALWAYS_EMBED_SWIFT_STANDARD_LIBRARIES = YES;
				CODE_SIGN_STYLE = Automatic;
				CURRENT_PROJECT_VERSION = 1;
				DEVELOPMENT_TEAM = AMNS6W2AA9;
				GENERATE_INFOPLIST_FILE = YES;
				MARKETING_VERSION = 1.0;
				PRODUCT_BUNDLE_IDENTIFIER = kr.co.lee.FoodTruckApp3UITests;
				PRODUCT_NAME = "$(TARGET_NAME)";
				SWIFT_EMIT_LOC_STRINGS = NO;
				SWIFT_VERSION = 5.0;
				TARGETED_DEVICE_FAMILY = "1,2";
				TEST_TARGET_NAME = FoodTruckApp3;
			};
			name = Debug;
		};
		9BEB103A2C0087B400D18362 /* Release */ = {
			isa = XCBuildConfiguration;
			buildSettings = {
				ALWAYS_EMBED_SWIFT_STANDARD_LIBRARIES = YES;
				CODE_SIGN_STYLE = Automatic;
				CURRENT_PROJECT_VERSION = 1;
				DEVELOPMENT_TEAM = AMNS6W2AA9;
				GENERATE_INFOPLIST_FILE = YES;
				MARKETING_VERSION = 1.0;
				PRODUCT_BUNDLE_IDENTIFIER = kr.co.lee.FoodTruckApp3UITests;
				PRODUCT_NAME = "$(TARGET_NAME)";
				SWIFT_EMIT_LOC_STRINGS = NO;
				SWIFT_VERSION = 5.0;
				TARGETED_DEVICE_FAMILY = "1,2";
				TEST_TARGET_NAME = FoodTruckApp3;
			};
			name = Release;
		};
/* End XCBuildConfiguration section */

/* Begin XCConfigurationList section */
		9BEB10092C0087B200D18362 /* Build configuration list for PBXProject "FoodTruckApp3" */ = {
			isa = XCConfigurationList;
			buildConfigurations = (
				9BEB10302C0087B400D18362 /* Debug */,
				9BEB10312C0087B400D18362 /* Release */,
			);
			defaultConfigurationIsVisible = 0;
			defaultConfigurationName = Release;
		};
		9BEB10322C0087B400D18362 /* Build configuration list for PBXNativeTarget "FoodTruckApp3" */ = {
			isa = XCConfigurationList;
			buildConfigurations = (
				9BEB10332C0087B400D18362 /* Debug */,
				9BEB10342C0087B400D18362 /* Release */,
			);
			defaultConfigurationIsVisible = 0;
			defaultConfigurationName = Release;
		};
		9BEB10352C0087B400D18362 /* Build configuration list for PBXNativeTarget "FoodTruckApp3Tests" */ = {
			isa = XCConfigurationList;
			buildConfigurations = (
				9BEB10362C0087B400D18362 /* Debug */,
				9BEB10372C0087B400D18362 /* Release */,
			);
			defaultConfigurationIsVisible = 0;
			defaultConfigurationName = Release;
		};
		9BEB10382C0087B400D18362 /* Build configuration list for PBXNativeTarget "FoodTruckApp3UITests" */ = {
			isa = XCConfigurationList;
			buildConfigurations = (
				9BEB10392C0087B400D18362 /* Debug */,
				9BEB103A2C0087B400D18362 /* Release */,
			);
			defaultConfigurationIsVisible = 0;
			defaultConfigurationName = Release;
		};
/* End XCConfigurationList section */

/* Begin XCRemoteSwiftPackageReference section */
		9B5A8F4D2C08EC3F002D009A /* XCRemoteSwiftPackageReference "Kingfisher" */ = {
			isa = XCRemoteSwiftPackageReference;
			repositoryURL = "https://github.com/onevcat/Kingfisher";
			requirement = {
				kind = upToNextMajorVersion;
				minimumVersion = 7.11.0;
			};
		};
		9B5A8F502C08EC47002D009A /* XCRemoteSwiftPackageReference "lottie-ios" */ = {
			isa = XCRemoteSwiftPackageReference;
			repositoryURL = "https://github.com/airbnb/lottie-ios.git";
			requirement = {
				kind = upToNextMajorVersion;
				minimumVersion = 4.4.3;
			};
		};
		9BEB10832C02644B00D18362 /* XCRemoteSwiftPackageReference "Alamofire" */ = {
			isa = XCRemoteSwiftPackageReference;
			repositoryURL = "https://github.com/Alamofire/Alamofire";
			requirement = {
				kind = upToNextMajorVersion;
				minimumVersion = 5.9.1;
			};
		};
/* End XCRemoteSwiftPackageReference section */

/* Begin XCSwiftPackageProductDependency section */
		9B5A8F4E2C08EC3F002D009A /* Kingfisher */ = {
			isa = XCSwiftPackageProductDependency;
			package = 9B5A8F4D2C08EC3F002D009A /* XCRemoteSwiftPackageReference "Kingfisher" */;
			productName = Kingfisher;
		};
		9B5A8F512C08EC47002D009A /* Lottie */ = {
			isa = XCSwiftPackageProductDependency;
			package = 9B5A8F502C08EC47002D009A /* XCRemoteSwiftPackageReference "lottie-ios" */;
			productName = Lottie;
		};
		9BEB108A2C02671700D18362 /* Alamofire */ = {
			isa = XCSwiftPackageProductDependency;
			package = 9BEB10832C02644B00D18362 /* XCRemoteSwiftPackageReference "Alamofire" */;
			productName = Alamofire;
		};
/* End XCSwiftPackageProductDependency section */
	};
	rootObject = 9BEB10062C0087B200D18362 /* Project object */;
}
